<?xml version="1.0" encoding="UTF-8" standalone="yes" ?>
<CodeBlocks_project_file>
	<FileVersion major="1" minor="6" />
	<Project>
		<Option title="server" />
		<Option pch_mode="2" />
		<Option compiler="gcc" />
		<Build>
			<Target title="Debug">
				<Option output="obj/Debug/server" prefix_auto="1" extension_auto="1" />
				<Option object_output="bin/Debug/" />
				<Option type="1" />
				<Option compiler="gcc" />
				<Compiler>
					<Add option="-g" />
					<Add option="-DAF_DEBUG" />
					<Add option="-DAF_PLATFORM_WINDOWS" />
				</Compiler>
			</Target>
			<Target title="Release">
				<Option output="obj/Release/server" prefix_auto="1" extension_auto="1" />
				<Option object_output="bin/Release/" />
				<Option type="1" />
				<Option compiler="gcc" />
				<Compiler>
					<Add option="-O2" />
					<Add option="-DAF_PLATFORM_WINDOWS" />
				</Compiler>
				<Linker>
					<Add option="-s" />
				</Linker>
			</Target>
			<Target title="Debug-Lin">
				<Option output="obj/Debug/c2_server" prefix_auto="1" extension_auto="1" />
				<Option object_output="bin/Debug/" />
				<Option type="1" />
				<Option compiler="gcc" />
				<Compiler>
					<Add option="-pg" />
					<Add option="-g" />
					<Add option="-DAF_PLATFORM_LINUX" />
					<Add option="-D_LINUX" />
					<Add option="-DAF_DEBUG" />
				</Compiler>
				<Linker>
					<Add option="-pg" />
					<Add option="-lpthread" />
				</Linker>
			</Target>
		</Build>
		<Compiler>
			<Add option="-Wall" />
		</Compiler>
		<Unit filename="Network.h" />
		<Unit filename="Server.cpp" />
		<Extensions>
			<envvars />
			<code_completion />
			<lib_finder disable_auto="1" />
			<debugger />
		</Extensions>
	</Project>
</CodeBlocks_project_file>
